// !$*UTF8*$!
{
	archiveVersion = 1;
	classes = {
	};
	objectVersion = 50;
	objects = {

/* Begin PBXBuildFile section */
		C5C764D523BE61B7006B21FA /* AppDelegate.swift in Sources */ = {isa = PBXBuildFile; fileRef = C5C764D423BE61B7006B21FA /* AppDelegate.swift */; };
		C5C764D723BE61B7006B21FA /* SceneDelegate.swift in Sources */ = {isa = PBXBuildFile; fileRef = C5C764D623BE61B7006B21FA /* SceneDelegate.swift */; };
		C5C764D923BE61B7006B21FA /* ViewController.swift in Sources */ = {isa = PBXBuildFile; fileRef = C5C764D823BE61B7006B21FA /* ViewController.swift */; };
		C5C764DC23BE61B7006B21FA /* Main.storyboard in Resources */ = {isa = PBXBuildFile; fileRef = C5C764DA23BE61B7006B21FA /* Main.storyboard */; };
		C5C764DE23BE61B8006B21FA /* Assets.xcassets in Resources */ = {isa = PBXBuildFile; fileRef = C5C764DD23BE61B8006B21FA /* Assets.xcassets */; };
		C5C764E123BE61B8006B21FA /* LaunchScreen.storyboard in Resources */ = {isa = PBXBuildFile; fileRef = C5C764DF23BE61B8006B21FA /* LaunchScreen.storyboard */; };
/* End PBXBuildFile section */

/* Begin PBXFileReference section */
		C5C764D123BE61B7006B21FA /* 2020 Swift fun.app */ = {isa = PBXFileReference; explicitFileType = wrapper.application; includeInIndex = 0; path = "2020 Swift fun.app"; sourceTree = BUILT_PRODUCTS_DIR; };
		C5C764D423BE61B7006B21FA /* AppDelegate.swift */ = {isa = PBXFileReference; lastKnownFileType = sourcecode.swift; path = AppDelegate.swift; sourceTree = "<group>"; };
		C5C764D623BE61B7006B21FA /* SceneDelegate.swift */ = {isa = PBXFileReference; lastKnownFileType = sourcecode.swift; path = SceneDelegate.swift; sourceTree = "<group>"; };
		C5C764D823BE61B7006B21FA /* ViewController.swift */ = {isa = PBXFileReference; lastKnownFileType = sourcecode.swift; path = ViewController.swift; sourceTree = "<group>"; };
		C5C764DB23BE61B7006B21FA /* Base */ = {isa = PBXFileReference; lastKnownFileType = file.storyboard; name = Base; path = Base.lproj/Main.storyboard; sourceTree = "<group>"; };
		C5C764DD23BE61B8006B21FA /* Assets.xcassets */ = {isa = PBXFileReference; lastKnownFileType = folder.assetcatalog; path = Assets.xcassets; sourceTree = "<group>"; };
		C5C764E023BE61B8006B21FA /* Base */ = {isa = PBXFileReference; lastKnownFileType = file.storyboard; name = Base; path = Base.lproj/LaunchScreen.storyboard; sourceTree = "<group>"; };
		C5C764E223BE61B8006B21FA /* Info.plist */ = {isa = PBXFileReference; lastKnownFileType = text.plist.xml; path = Info.plist; sourceTree = "<group>"; };
/* End PBXFileReference section */

/* Begin PBXFrameworksBuildPhase section */
		C5C764CE23BE61B7006B21FA /* Frameworks */ = {
			isa = PBXFrameworksBuildPhase;
			buildActionMask = 2147483647;
			files = (
			);
			runOnlyForDeploymentPostprocessing = 0;
		};
/* End PBXFrameworksBuildPhase section */

/* Begin PBXGroup section */
		C5C764C823BE61B7006B21FA = {
			isa = PBXGroup;
			children = (
				C5C764D323BE61B7006B21FA /* 2020 Swift fun */,
				C5C764D223BE61B7006B21FA /* Products */,
			);
			sourceTree = "<group>";
		};
		C5C764D223BE61B7006B21FA /* Products */ = {
			isa = PBXGroup;
			children = (
				C5C764D123BE61B7006B21FA /* 2020 Swift fun.app */,
			);
			name = Products;
			sourceTree = "<group>";
		};
		C5C764D323BE61B7006B21FA /* 2020 Swift fun */ = {
			isa = PBXGroup;
			children = (
				C5C764D423BE61B7006B21FA /* AppDelegate.swift */,
				C5C764D623BE61B7006B21FA /* SceneDelegate.swift */,
				C5C764D823BE61B7006B21FA /* ViewController.swift */,
				C5C764DA23BE61B7006B21FA /* Main.storyboard */,
				C5C764DD23BE61B8006B21FA /* Assets.xcassets */,
				C5C764DF23BE61B8006B21FA /* LaunchScreen.storyboard */,
				C5C764E223BE61B8006B21FA /* Info.plist */,
			);
			path = "2020 Swift fun";
			sourceTree = "<group>";
		};
/* End PBXGroup section */

/* Begin PBXNativeTarget section */
		C5C764D023BE61B7006B21FA /* 2020 Swift fun */ = {
			isa = PBXNativeTarget;
			buildConfigurationList = C5C764E523BE61B8006B21FA /* Build configuration list for PBXNativeTarget "2020 Swift fun" */;
			buildPhases = (
				C5C764CD23BE61B7006B21FA /* Sources */,
				C5C764CE23BE61B7006B21FA /* Frameworks */,
				C5C764CF23BE61B7006B21FA /* Resources */,
			);
			buildRules = (
			);
			dependencies = (
			);
			name = "2020 Swift fun";
			productName = "2020 Swift fun";
			productReference = C5C764D123BE61B7006B21FA /* 2020 Swift fun.app */;
			productType = "com.apple.product-type.application";
		};
/* End PBXNativeTarget section */

/* Begin PBXProject section */
		C5C764C923BE61B7006B21FA /* Project object */ = {
			isa = PBXProject;
			attributes = {
				LastSwiftUpdateCheck = 1130;
				LastUpgradeCheck = 1130;
				ORGANIZATIONNAME = "Nicholas MacDonald";
				TargetAttributes = {
					C5C764D023BE61B7006B21FA = {
						CreatedOnToolsVersion = 11.3;
					};
				};
			};
			buildConfigurationList = C5C764CC23BE61B7006B21FA /* Build configuration list for PBXProject "2020 Swift fun" */;
			compatibilityVersion = "Xcode 9.3";
			developmentRegion = en;
			hasScannedForEncodings = 0;
			knownRegions = (
				en,
				Base,
			);
			mainGroup = C5C764C823BE61B7006B21FA;
			productRefGroup = C5C764D223BE61B7006B21FA /* Products */;
			projectDirPath = "";
			projectRoot = "";
			targets = (
				C5C764D023BE61B7006B21FA /* 2020 Swift fun */,
			);
		};
/* End PBXProject section */

/* Begin PBXResourcesBuildPhase section */
		C5C764CF23BE61B7006B21FA /* Resources */ = {
			isa = PBXResourcesBuildPhase;
			buildActionMask = 2147483647;
			files = (
				C5C764E123BE61B8006B21FA /* LaunchScreen.storyboard in Resources */,
				C5C764DE23BE61B8006B21FA /* Assets.xcassets in Resources */,
				C5C764DC23BE61B7006B21FA /* Main.storyboard in Resources */,
			);
			runOnlyForDeploymentPostprocessing = 0;
		};
/* End PBXResourcesBuildPhase section */

/* Begin PBXSourcesBuildPhase section */
		C5C764CD23BE61B7006B21FA /* Sources */ = {
			isa = PBXSourcesBuildPhase;
			buildActionMask = 2147483647;
			files = (
				C5C764D923BE61B7006B21FA /* ViewController.swift in Sources */,
				C5C764D523BE61B7006B21FA /* AppDelegate.swift in Sources */,
				C5C764D723BE61B7006B21FA /* SceneDelegate.swift in Sources */,
			);
			runOnlyForDeploymentPostprocessing = 0;
		};
/* End PBXSourcesBuildPhase section */

/* Begin PBXVariantGroup section */
		C5C764DA23BE61B7006B21FA /* Main.storyboard */ = {
			isa = PBXVariantGroup;
			children = (
				C5C764DB23BE61B7006B21FA /* Base */,
			);
			name = Main.storyboard;
			sourceTree = "<group>";
		};
		C5C764DF23BE61B8006B21FA /* LaunchScreen.storyboard */ = {
			isa = PBXVariantGroup;
			children = (
				C5C764E023BE61B8006B21FA /* Base */,
			);
			name = LaunchScreen.storyboard;
			sourceTree = "<group>";
		};
/* End PBXVariantGroup section */

/* Begin XCBuildConfiguration section */
		C5C764E323BE61B8006B21FA /* Debug */ = {
			isa = XCBuildConfiguration;
			buildSettings = {
				ALWAYS_SEARCH_USER_PATHS = NO;
				CLANG_ANALYZER_NONNULL = YES;
				CLANG_ANALYZER_NUMBER_OBJECT_CONVERSION = YES_AGGRESSIVE;
				CLANG_CXX_LANGUAGE_STANDARD = "gnu++14";
				CLANG_CXX_LIBRARY = "libc++";
				CLANG_ENABLE_MODULES = YES;
				CLANG_ENABLE_OBJC_ARC = YES;
				CLANG_ENABLE_OBJC_WEAK = YES;
				CLANG_WARN_BLOCK_CAPTURE_AUTORELEASING = YES;
				CLANG_WARN_BOOL_CONVERSION = YES;
				CLANG_WARN_COMMA = YES;
				CLANG_WARN_CONSTANT_CONVERSION = YES;
				CLANG_WARN_DEPRECATED_OBJC_IMPLEMENTATIONS = YES;
				CLANG_WARN_DIRECT_OBJC_ISA_USAGE = YES_ERROR;
				CLANG_WARN_DOCUMENTATION_COMMENTS = YES;
				CLANG_WARN_EMPTY_BODY = YES;
				CLANG_WARN_ENUM_CONVERSION = YES;
				CLANG_WARN_INFINITE_RECURSION = YES;
				CLANG_WARN_INT_CONVERSION = YES;
				CLANG_WARN_NON_LITERAL_NULL_CONVERSION = YES;
				CLANG_WARN_OBJC_IMPLICIT_RETAIN_SELF = YES;
				CLANG_WARN_OBJC_LITERAL_CONVERSION = YES;
				CLANG_WARN_OBJC_ROOT_CLASS = YES_ERROR;
				CLANG_WARN_RANGE_LOOP_ANALYSIS = YES;
				CLANG_WARN_STRICT_PROTOTYPES = YES;
				CLANG_WARN_SUSPICIOUS_MOVE = YES;
				CLANG_WARN_UNGUARDED_AVAILABILITY = YES_AGGRESSIVE;
				CLANG_WARN_UNREACHABLE_CODE = YES;
				CLANG_WARN__DUPLICATE_METHOD_MATCH = YES;
				COPY_PHASE_STRIP = NO;
				DEBUG_INFORMATION_FORMAT = dwarf;
				ENABLE_STRICT_OBJC_MSGSEND = YES;
				ENABLE_TESTABILITY = YES;
				GCC_C_LANGUAGE_STANDARD = gnu11;
				GCC_DYNAMIC_NO_PIC = NO;
				GCC_NO_COMMON_BLOCKS = YES;
				GCC_OPTIMIZATION_LEVEL = 0;
				GCC_PREPROCESSOR_DEFINITIONS = (
					"DEBUG=1",
					"$(inherited)",
				);
				GCC_WARN_64_TO_32_BIT_CONVERSION = YES;
				GCC_WARN_ABOUT_RETURN_TYPE = YES_ERROR;
				GCC_WARN_UNDECLARED_SELECTOR = YES;
				GCC_WARN_UNINITIALIZED_AUTOS = YES_AGGRESSIVE;
				GCC_WARN_UNUSED_FUNCTION = YES;
				GCC_WARN_UNUSED_VARIABLE = YES;
				IPHONEOS_DEPLOYMENT_TARGET = 13.2;
				MTL_ENABLE_DEBUG_INFO = INCLUDE_SOURCE;
				MTL_FAST_MATH = YES;
				ONLY_ACTIVE_ARCH = YES;
				SDKROOT = iphoneos;
				SWIFT_ACTIVE_COMPILATION_CONDITIONS = DEBUG;
				SWIFT_OPTIMIZATION_LEVEL = "-Onone";
			};
			name = Debug;
		};
		C5C764E423BE61B8006B21FA /* Release */ = {
			isa = XCBuildConfiguration;
			buildSettings = {
				ALWAYS_SEARCH_USER_PATHS = NO;
				CLANG_ANALYZER_NONNULL = YES;
				CLANG_ANALYZER_NUMBER_OBJECT_CONVERSION = YES_AGGRESSIVE;
				CLANG_CXX_LANGUAGE_STANDARD = "gnu++14";
				CLANG_CXX_LIBRARY = "libc++";
				CLANG_ENABLE_MODULES = YES;
				CLANG_ENABLE_OBJC_ARC = YES;
				CLANG_ENABLE_OBJC_WEAK = YES;
				CLANG_WARN_BLOCK_CAPTURE_AUTORELEASING = YES;
				CLANG_WARN_BOOL_CONVERSION = YES;
				CLANG_WARN_COMMA = YES;
				CLANG_WARN_CONSTANT_CONVERSION = YES;
				CLANG_WARN_DEPRECATED_OBJC_IMPLEMENTATIONS = YES;
				CLANG_WARN_DIRECT_OBJC_ISA_USAGE = YES_ERROR;
				CLANG_WARN_DOCUMENTATION_COMMENTS = YES;
				CLANG_WARN_EMPTY_BODY = YES;
				CLANG_WARN_ENUM_CONVERSION = YES;
				CLANG_WARN_INFINITE_RECURSION = YES;
				CLANG_WARN_INT_CONVERSION = YES;
				CLANG_WARN_NON_LITERAL_NULL_CONVERSION = YES;
				CLANG_WARN_OBJC_IMPLICIT_RETAIN_SELF = YES;
				CLANG_WARN_OBJC_LITERAL_CONVERSION = YES;
				CLANG_WARN_OBJC_ROOT_CLASS = YES_ERROR;
				CLANG_WARN_RANGE_LOOP_ANALYSIS = YES;
				CLANG_WARN_STRICT_PROTOTYPES = YES;
				CLANG_WARN_SUSPICIOUS_MOVE = YES;
				CLANG_WARN_UNGUARDED_AVAILABILITY = YES_AGGRESSIVE;
				CLANG_WARN_UNREACHABLE_CODE = YES;
				CLANG_WARN__DUPLICATE_METHOD_MATCH = YES;
				COPY_PHASE_STRIP = NO;
				DEBUG_INFORMATION_FORMAT = "dwarf-with-dsym";
				ENABLE_NS_ASSERTIONS = NO;
				ENABLE_STRICT_OBJC_MSGSEND = YES;
				GCC_C_LANGUAGE_STANDARD = gnu11;
				GCC_NO_COMMON_BLOCKS = YES;
				GCC_WARN_64_TO_32_BIT_CONVERSION = YES;
				GCC_WARN_ABOUT_RETURN_TYPE = YES_ERROR;
				GCC_WARN_UNDECLARED_SELECTOR = YES;
				GCC_WARN_UNINITIALIZED_AUTOS = YES_AGGRESSIVE;
				GCC_WARN_UNUSED_FUNCTION = YES;
				GCC_WARN_UNUSED_VARIABLE = YES;
				IPHONEOS_DEPLOYMENT_TARGET = 13.2;
				MTL_ENABLE_DEBUG_INFO = NO;
				MTL_FAST_MATH = YES;
				SDKROOT = iphoneos;
				SWIFT_COMPILATION_MODE = wholemodule;
				SWIFT_OPTIMIZATION_LEVEL = "-O";
				VALIDATE_PRODUCT = YES;
			};
			name = Release;
		};
		C5C764E623BE61B8006B21FA /* Debug */ = {
			isa = XCBuildConfiguration;
			buildSettings = {
				ASSETCATALOG_COMPILER_APPICON_NAME = AppIcon;
				CODE_SIGN_STYLE = Automatic;
				INFOPLIST_FILE = "2020 Swift fun/Info.plist";
				LD_RUNPATH_SEARCH_PATHS = (
					"$(inherited)",
					"@executable_path/Frameworks",
				);
				PRODUCT_BUNDLE_IDENTIFIER = "nicholasmacdonald.co.uk.-020-Swift-fun";
				PRODUCT_NAME = "$(TARGET_NAME)";
				SWIFT_VERSION = 5.0;
				TARGETED_DEVICE_FAMILY = "1,2";
			};
			name = Debug;
		};
		C5C764E723BE61B8006B21FA /* Release */ = {
			isa = XCBuildConfiguration;
			buildSettings = {
				ASSETCATALOG_COMPILER_APPICON_NAME = AppIcon;
				CODE_SIGN_STYLE = Automatic;
				INFOPLIST_FILE = "2020 Swift fun/Info.plist";
				LD_RUNPATH_SEARCH_PATHS = (
					"$(inherited)",
					"@executable_path/Frameworks",
				);
				PRODUCT_BUNDLE_IDENTIFIER = "nicholasmacdonald.co.uk.-020-Swift-fun";
				PRODUCT_NAME = "$(TARGET_NAME)";
				SWIFT_VERSION = 5.0;
				TARGETED_DEVICE_FAMILY = "1,2";
			};
			name = Release;
		};
/* End XCBuildConfiguration section */

/* Begin XCConfigurationList section */
		C5C764CC23BE61B7006B21FA /* Build configuration list for PBXProject "2020 Swift fun" */ = {
			isa = XCConfigurationList;
			buildConfigurations = (
				C5C764E323BE61B8006B21FA /* Debug */,
				C5C764E423BE61B8006B21FA /* Release */,
			);
			defaultConfigurationIsVisible = 0;
			defaultConfigurationName = Release;
		};
		C5C764E523BE61B8006B21FA /* Build configuration list for PBXNativeTarget "2020 Swift fun" */ = {
			isa = XCConfigurationList;
			buildConfigurations = (
				C5C764E623BE61B8006B21FA /* Debug */,
				C5C764E723BE61B8006B21FA /* Release */,
			);
			defaultConfigurationIsVisible = 0;
			defaultConfigurationName = Release;
		};
/* End XCConfigurationList section */
	};
	rootObject = C5C764C923BE61B7006B21FA /* Project object */;
}
